# THIS IS AN AUTOGENERATED FILE. DO NOT EDIT THIS FILE DIRECTLY.
# yarn lockfile v1


"@capabilities/database@file:capabilities/database":
  version "1.0.0"
  dependencies:
    "@core/utils" "file:../../../.cache/yarn/v1/core/utils"
    "@generators/database-crud-vertx" "file:../../../.cache/yarn/v1/generators/database-crud-vertx"
    "@generators/database-mysql" "file:../../../.cache/yarn/v1/generators/database-mysql"
    "@generators/database-postgresql" "file:../../../.cache/yarn/v1/generators/database-postgresql"
    "@generators/database-secret" "file:../../../.cache/yarn/v1/generators/database-secret"

"@core/info@file:core/info":
  version "1.0.0"

"@core/resources@file:core/resources":
  version "1.0.0"
  dependencies:
    child-process-promise "^2.2.1"
    lodash "^4.17.10"
    stream-to-string "^1.1.0"

"@core/utils@file:core/utils":
  version "1.0.0"

"@generators/database-crud-vertx@file:generators/database-crud-vertx":
  version "1.0.0"
  dependencies:
    "@core/resources" "file:../../../.cache/yarn/v1/core/resources"
    "@core/utils" "file:../../../.cache/yarn/v1/core/utils"
    fs-extra "^7.0.0"

"@generators/database-mysql@file:generators/database-mysql":
  version "1.0.0"
  dependencies:
    "@core/resources" "file:../../../.cache/yarn/v1/core/resources"

"@generators/database-postgresql@file:generators/database-postgresql":
  version "1.0.0"
  dependencies:
    "@core/resources" "file:../../../.cache/yarn/v1/core/resources"

"@generators/database-secret@file:generators/database-secret":
  version "1.0.0"
  dependencies:
    "@core/resources" "file:../../../.cache/yarn/v1/core/resources"

child-process-promise@^2.2.1:
  version "2.2.1"
  resolved "https://registry.yarnpkg.com/child-process-promise/-/child-process-promise-2.2.1.tgz#4730a11ef610fad450b8f223c79d31d7bdad8074"
  dependencies:
    cross-spawn "^4.0.2"
    node-version "^1.0.0"
    promise-polyfill "^6.0.1"

cross-spawn@^4.0.2:
  version "4.0.2"
  resolved "https://registry.yarnpkg.com/cross-spawn/-/cross-spawn-4.0.2.tgz#7b9247621c23adfdd3856004a823cbe397424d41"
  dependencies:
    lru-cache "^4.0.1"
    which "^1.2.9"

fs-extra@^7.0.0:
  version "7.0.0"
  resolved "https://registry.yarnpkg.com/fs-extra/-/fs-extra-7.0.0.tgz#8cc3f47ce07ef7b3593a11b9fb245f7e34c041d6"
  dependencies:
    graceful-fs "^4.1.2"
    jsonfile "^4.0.0"
    universalify "^0.1.0"

graceful-fs@^4.1.2, graceful-fs@^4.1.6:
  version "4.1.11"
  resolved "https://registry.yarnpkg.com/graceful-fs/-/graceful-fs-4.1.11.tgz#0e8bdfe4d1ddb8854d64e04ea7c00e2a026e5658"

isexe@^2.0.0:
  version "2.0.0"
  resolved "https://registry.yarnpkg.com/isexe/-/isexe-2.0.0.tgz#e8fbf374dc556ff8947a10dcb0572d633f2cfa10"

jsonfile@^4.0.0:
  version "4.0.0"
  resolved "https://registry.yarnpkg.com/jsonfile/-/jsonfile-4.0.0.tgz#8771aae0799b64076b76640fca058f9c10e33ecb"
  optionalDependencies:
    graceful-fs "^4.1.6"

"launcher-creator-catalog@file:.":
  version "1.0.0"
  dependencies:
    "@capabilities/database" "file:../../../.cache/yarn/v1/npm-launcher-creator-catalog-1.0.0-020d0417-4425-472b-bf0f-f4333e9f4ef8-1536169031080/capabilities/database"
    "@generators/database-crud-vertx" "file:../../../.cache/yarn/v1/npm-launcher-creator-catalog-1.0.0-020d0417-4425-472b-bf0f-f4333e9f4ef8-1536169031080/generators/database-crud-vertx"
    "@generators/database-mysql" "file:../../../.cache/yarn/v1/npm-launcher-creator-catalog-1.0.0-020d0417-4425-472b-bf0f-f4333e9f4ef8-1536169031080/generators/database-mysql"
    "@generators/database-postgresql" "file:../../../.cache/yarn/v1/npm-launcher-creator-catalog-1.0.0-020d0417-4425-472b-bf0f-f4333e9f4ef8-1536169031080/generators/database-postgresql"
    "@generators/database-secret" "file:../../../.cache/yarn/v1/npm-launcher-creator-catalog-1.0.0-020d0417-4425-472b-bf0f-f4333e9f4ef8-1536169031080/generators/database-secret"

lodash@^4.17.10:
  version "4.17.10"
  resolved "https://registry.yarnpkg.com/lodash/-/lodash-4.17.10.tgz#1b7793cf7259ea38fb3661d4d38b3260af8ae4e7"

lru-cache@^4.0.1:
  version "4.1.3"
  resolved "https://registry.yarnpkg.com/lru-cache/-/lru-cache-4.1.3.tgz#a1175cf3496dfc8436c156c334b4955992bce69c"
  dependencies:
    pseudomap "^1.0.2"
    yallist "^2.1.2"

node-version@^1.0.0:
  version "1.2.0"
  resolved "https://registry.yarnpkg.com/node-version/-/node-version-1.2.0.tgz#34fde3ffa8e1149bd323983479dda620e1b5060d"

promise-polyfill@^1.1.6:
  version "1.1.6"
  resolved "https://registry.yarnpkg.com/promise-polyfill/-/promise-polyfill-1.1.6.tgz#cd04eff46f5c95c3a7d045591d79b5e3e01f12d7"

promise-polyfill@^6.0.1:
  version "6.1.0"
  resolved "https://registry.yarnpkg.com/promise-polyfill/-/promise-polyfill-6.1.0.tgz#dfa96943ea9c121fca4de9b5868cb39d3472e057"

pseudomap@^1.0.2:
  version "1.0.2"
  resolved "https://registry.yarnpkg.com/pseudomap/-/pseudomap-1.0.2.tgz#f052a28da70e618917ef0a8ac34c1ae5a68286b3"

stream-to-string@^1.1.0:
  version "1.1.0"
  resolved "https://registry.yarnpkg.com/stream-to-string/-/stream-to-string-1.1.0.tgz#39210b01317e6abb35e854538e013037b6a35940"
  dependencies:
    promise-polyfill "^1.1.6"

universalify@^0.1.0:
  version "0.1.2"
  resolved "https://registry.yarnpkg.com/universalify/-/universalify-0.1.2.tgz#b646f69be3942dabcecc9d6639c80dc105efaa66"

which@^1.2.9:
  version "1.3.1"
  resolved "https://registry.yarnpkg.com/which/-/which-1.3.1.tgz#a45043d54f5805316da8d62f9f50918d3da70b0a"
  dependencies:
    isexe "^2.0.0"

yallist@^2.1.2:
  version "2.1.2"
  resolved "https://registry.yarnpkg.com/yallist/-/yallist-2.1.2.tgz#1c11f9218f076089a47dd512f93c6699a6a81d52"
