{
  "name": "@capabilities/database",
  "version": "1.0.0",
  "lockfileVersion": 1,
  "requires": true,
  "dependencies": {
    "@core/utils": {
      "version": "file:../../core/utils"
    },
    "@generators/database-mysql": {
      "version": "file:../../generators/database-mysql",
      "requires": {
        "@core/resources": "file:../../core/resources"
      },
      "dependencies": {
        "@core/resources": {
          "version": "file:../../core/resources",
          "bundled": true,
          "requires": {
            "child-process-promise": "^2.2.1",
            "lodash": "^4.17.10",
            "stream-to-string": "^1.1.0"
          },
          "dependencies": {
            "child-process-promise": {
              "version": "2.2.1",
              "bundled": true,
              "requires": {
                "cross-spawn": "^4.0.2",
                "node-version": "^1.0.0",
                "promise-polyfill": "^6.0.1"
              }
            },
            "cross-spawn": {
              "version": "4.0.2",
              "bundled": true,
              "requires": {
                "lru-cache": "^4.0.1",
                "which": "^1.2.9"
              }
            },
            "isexe": {
              "version": "2.0.0",
              "bundled": true
            },
            "lodash": {
              "version": "4.17.10",
              "bundled": true
            },
            "lru-cache": {
              "version": "4.1.3",
              "bundled": true,
              "requires": {
                "pseudomap": "^1.0.2",
                "yallist": "^2.1.2"
              }
            },
            "node-version": {
              "version": "1.2.0",
              "bundled": true
            },
            "promise-polyfill": {
              "version": "6.1.0",
              "bundled": true
            },
            "pseudomap": {
              "version": "1.0.2",
              "bundled": true
            },
            "stream-to-string": {
              "version": "1.1.0",
              "bundled": true,
              "requires": {
                "promise-polyfill": "^1.1.6"
              },
              "dependencies": {
                "promise-polyfill": {
                  "version": "1.1.6",
                  "bundled": true
                }
              }
            },
            "which": {
              "version": "1.3.1",
              "bundled": true,
              "requires": {
                "isexe": "^2.0.0"
              }
            },
            "yallist": {
              "version": "2.1.2",
              "bundled": true
            }
          }
        }
      }
    },
    "@generators/database-postgresql": {
      "version": "file:../../generators/database-postgresql",
      "requires": {
        "@core/resources": "file:../../core/resources"
      },
      "dependencies": {
        "@core/resources": {
          "version": "file:../../core/resources",
          "bundled": true,
          "requires": {
            "child-process-promise": "^2.2.1",
            "lodash": "^4.17.10",
            "stream-to-string": "^1.1.0"
          },
          "dependencies": {
            "child-process-promise": {
              "version": "2.2.1",
              "bundled": true,
              "requires": {
                "cross-spawn": "^4.0.2",
                "node-version": "^1.0.0",
                "promise-polyfill": "^6.0.1"
              }
            },
            "cross-spawn": {
              "version": "4.0.2",
              "bundled": true,
              "requires": {
                "lru-cache": "^4.0.1",
                "which": "^1.2.9"
              }
            },
            "isexe": {
              "version": "2.0.0",
              "bundled": true
            },
            "lodash": {
              "version": "4.17.10",
              "bundled": true
            },
            "lru-cache": {
              "version": "4.1.3",
              "bundled": true,
              "requires": {
                "pseudomap": "^1.0.2",
                "yallist": "^2.1.2"
              }
            },
            "node-version": {
              "version": "1.2.0",
              "bundled": true
            },
            "promise-polyfill": {
              "version": "6.1.0",
              "bundled": true
            },
            "pseudomap": {
              "version": "1.0.2",
              "bundled": true
            },
            "stream-to-string": {
              "version": "1.1.0",
              "bundled": true,
              "requires": {
                "promise-polyfill": "^1.1.6"
              },
              "dependencies": {
                "promise-polyfill": {
                  "version": "1.1.6",
                  "bundled": true
                }
              }
            },
            "which": {
              "version": "1.3.1",
              "bundled": true,
              "requires": {
                "isexe": "^2.0.0"
              }
            },
            "yallist": {
              "version": "2.1.2",
              "bundled": true
            }
          }
        }
      }
    },
    "@generators/database-secret": {
      "version": "file:../../generators/database-secret",
      "requires": {
        "@core/resources": "file:../../core/resources"
      },
      "dependencies": {
        "@core/resources": {
          "version": "file:../../core/resources",
          "bundled": true,
          "requires": {
            "child-process-promise": "^2.2.1",
            "lodash": "^4.17.10",
            "stream-to-string": "^1.1.0"
          },
          "dependencies": {
            "child-process-promise": {
              "version": "2.2.1",
              "bundled": true,
              "requires": {
                "cross-spawn": "^4.0.2",
                "node-version": "^1.0.0",
                "promise-polyfill": "^6.0.1"
              }
            },
            "cross-spawn": {
              "version": "4.0.2",
              "bundled": true,
              "requires": {
                "lru-cache": "^4.0.1",
                "which": "^1.2.9"
              }
            },
            "isexe": {
              "version": "2.0.0",
              "bundled": true
            },
            "lodash": {
              "version": "4.17.10",
              "bundled": true
            },
            "lru-cache": {
              "version": "4.1.3",
              "bundled": true,
              "requires": {
                "pseudomap": "^1.0.2",
                "yallist": "^2.1.2"
              }
            },
            "node-version": {
              "version": "1.2.0",
              "bundled": true
            },
            "promise-polyfill": {
              "version": "6.1.0",
              "bundled": true
            },
            "pseudomap": {
              "version": "1.0.2",
              "bundled": true
            },
            "stream-to-string": {
              "version": "1.1.0",
              "bundled": true,
              "requires": {
                "promise-polyfill": "^1.1.6"
              },
              "dependencies": {
                "promise-polyfill": {
                  "version": "1.1.6",
                  "bundled": true
                }
              }
            },
            "which": {
              "version": "1.3.1",
              "bundled": true,
              "requires": {
                "isexe": "^2.0.0"
              }
            },
            "yallist": {
              "version": "2.1.2",
              "bundled": true
            }
          }
        }
      }
    }
  }
}
