{
  "name": "@generators/database-postgresql",
  "version": "1.0.0",
  "lockfileVersion": 1,
  "requires": true,
  "dependencies": {
    "@core/resources": {
      "version": "file:../../core/resources",
      "requires": {
        "child-process-promise": "^2.2.1",
        "lodash": "^4.17.10"
      },
      "dependencies": {
        "child-process-promise": {
          "version": "2.2.1",
          "bundled": true,
          "requires": {
            "cross-spawn": "^4.0.2",
            "node-version": "^1.0.0",
            "promise-polyfill": "^6.0.1"
          }
        },
        "cross-spawn": {
          "version": "4.0.2",
          "bundled": true,
          "requires": {
            "lru-cache": "^4.0.1",
            "which": "^1.2.9"
          }
        },
        "isexe": {
          "version": "2.0.0",
          "bundled": true
        },
        "lodash": {
          "version": "4.17.10",
          "bundled": true
        },
        "lru-cache": {
          "version": "4.1.3",
          "bundled": true,
          "requires": {
            "pseudomap": "^1.0.2",
            "yallist": "^2.1.2"
          }
        },
        "node-version": {
          "version": "1.2.0",
          "bundled": true
        },
        "promise-polyfill": {
          "version": "6.1.0",
          "bundled": true
        },
        "pseudomap": {
          "version": "1.0.2",
          "bundled": true
        },
        "which": {
          "version": "1.3.1",
          "bundled": true,
          "requires": {
            "isexe": "^2.0.0"
          }
        },
        "yallist": {
          "version": "2.1.2",
          "bundled": true
        }
      }
    }
  }
}
